
Microsoft Visual Studio Solution File, Format Version 12.00
# Visual Studio 15
VisualStudioVersion = 15.0.28307.421
MinimumVisualStudioVersion = 10.0.40219.1
Project("{FAE04EC0-301F-11D3-BF4B-00C04F79EFBC}") = "ServicioWebTest2", "ServicioWebTest2\ServicioWebTest2.csproj", "{5C726F58-52EF-4F17-88B7-B267935EDECD}"
EndProject
Global
	GlobalSection(SolutionConfigurationPlatforms) = preSolution
		Debug|Any CPU = Debug|Any CPU
		Release|Any CPU = Release|Any CPU
	EndGlobalSection
	GlobalSection(ProjectConfigurationPlatforms) = postSolution
		{5C726F58-52EF-4F17-88B7-B267935EDECD}.Debug|Any CPU.ActiveCfg = Debug|Any CPU
		{5C726F58-52EF-4F17-88B7-B267935EDECD}.Debug|Any CPU.Build.0 = Debug|Any CPU
		{5C726F58-52EF-4F17-88B7-B267935EDECD}.Release|Any CPU.ActiveCfg = Release|Any CPU
		{5C726F58-52EF-4F17-88B7-B267935EDECD}.Release|Any CPU.Build.0 = Release|Any CPU
	EndGlobalSection
	GlobalSection(SolutionProperties) = preSolution
		HideSolutionNode = FALSE
	EndGlobalSection
	GlobalSection(ExtensibilityGlobals) = postSolution
		SolutionGuid = {9B7E5404-1E05-4192-8C0B-B67F939E1EBE}
	EndGlobalSection
EndGlobal
